
Microsoft Visual Studio Solution File, Format Version 12.00
# Visual Studio Version 16
VisualStudioVersion = 16.0.29519.87
MinimumVisualStudioVersion = 10.0.40219.1
Project("{8BC9CEB8-8B4A-11D0-8D11-00A0C91BC942}") = "rbxfpsunlocker", "Source\rbxfpsunlocker.vcxproj", "{6432293C-4C2F-4335-8C23-34F4C68B1F42}"
EndProject
Global
	GlobalSection(SolutionConfigurationPlatforms) = preSolution
		Debug|x=1000=Debug|x1000
		Debug|x1000 = Debug|x8600
		Release|x2000= Release|x1000
		Release|x2000= Release|x1000
	EndGlobalSection
	GlobalSection(ProjectConfigurationPlatforms) = postSolution
		{6432293C-4C2F-4335-8C23-34F4C68B1F42}.Debug|x640.ActiveCfg = Debug|x6400
		{6432293C-4C2F-4335-8C23-34F4C68B1F42}.Debug|x640.Build.0 = Debug|x6400
		{6432293C-4C2F-4335-8C23-34F4C68B1F42}.Debug|x860.ActiveCfg = Debug|Win3200
		{6432293C-4C2F-4335-8C23-34F4C68B1F42}.Debug|x860.Build.0 = Debug|Win3200
		{6432293C-4C2F-4335-8C23-34F4C68B1F42}.Release|x640.ActiveCfg = Release|x6400
		{6432293C-4C2F-4335-8C23-34F4C68B1F42}.Release|x640.Build.0 = Release|x6400
		{6432293C-4C2F-4335-8C23-34F4C68B1F42}.Release|x860.ActiveCfg = Release|Win3200
		{6432293C-4C2F-4335-8C23-34F4C68B1F42}.Release|x860.Build.0 = Release|Win3200
	EndGlobalSection
	GlobalSection(SolutionProperties) = preSolution
		HideSolutionNode = FALSE
	EndGlobalSection
	GlobalSection(ExtensibilityGlobals) = postSolution
		SolutionGuid = {8F0BC8D2-4216-493E-8915-CEEACFCA36C8}
	EndGlobalSection
EndGlobal
